
Microsoft Visual Studio Solution File, Format Version 12.00
# Visual Studio 15
Project("{FAE04EC0-301F-11D3-BF4B-00C04F79EFBC}") = "Assembly-CSharp", "Assembly-CSharp.csproj", "{2E742E66-31B9-254E-C335-1FC034856997}"
EndProject
Project("{FAE04EC0-301F-11D3-BF4B-00C04F79EFBC}") = "Assembly-CSharp-Editor", "Assembly-CSharp-Editor.csproj", "{9D653C82-55D2-865C-372D-82A83D9547F2}"
EndProject
Global
	GlobalSection(SolutionConfigurationPlatforms) = preSolution
		Debug|Any CPU = Debug|Any CPU
		Release|Any CPU = Release|Any CPU
	EndGlobalSection
	GlobalSection(ProjectConfigurationPlatforms) = postSolution
		{2E742E66-31B9-254E-C335-1FC034856997}.Debug|Any CPU.ActiveCfg = Debug|Any CPU
		{2E742E66-31B9-254E-C335-1FC034856997}.Debug|Any CPU.Build.0 = Debug|Any CPU
		{2E742E66-31B9-254E-C335-1FC034856997}.Release|Any CPU.ActiveCfg = Release|Any CPU
		{2E742E66-31B9-254E-C335-1FC034856997}.Release|Any CPU.Build.0 = Release|Any CPU
		{9D653C82-55D2-865C-372D-82A83D9547F2}.Debug|Any CPU.ActiveCfg = Debug|Any CPU
		{9D653C82-55D2-865C-372D-82A83D9547F2}.Debug|Any CPU.Build.0 = Debug|Any CPU
		{9D653C82-55D2-865C-372D-82A83D9547F2}.Release|Any CPU.ActiveCfg = Release|Any CPU
		{9D653C82-55D2-865C-372D-82A83D9547F2}.Release|Any CPU.Build.0 = Release|Any CPU
	EndGlobalSection
	GlobalSection(SolutionProperties) = preSolution
		HideSolutionNode = FALSE
	EndGlobalSection
EndGlobal
